
Microsoft Visual Studio Solution File, Format Version 12.00
# Visual Studio Version 17
VisualStudioVersion = 17.4.33205.214
MinimumVisualStudioVersion = 10.0.40219.1
Project("{FAE04EC0-301F-11D3-BF4B-00C04F79EFBC}") = "SmsdcWebApi", "SmsdcWebApi.csproj", "{9E63F543-AB70-4A0B-B8B9-2918ABF55BBE}"
EndProject
Global
	GlobalSection(SolutionConfigurationPlatforms) = preSolution
		Debug|Any CPU = Debug|Any CPU
		Release|Any CPU = Release|Any CPU
	EndGlobalSection
	GlobalSection(ProjectConfigurationPlatforms) = postSolution
		{9E63F543-AB70-4A0B-B8B9-2918ABF55BBE}.Debug|Any CPU.ActiveCfg = Debug|Any CPU
		{9E63F543-AB70-4A0B-B8B9-2918ABF55BBE}.Debug|Any CPU.Build.0 = Debug|Any CPU
		{9E63F543-AB70-4A0B-B8B9-2918ABF55BBE}.Release|Any CPU.ActiveCfg = Release|Any CPU
		{9E63F543-AB70-4A0B-B8B9-2918ABF55BBE}.Release|Any CPU.Build.0 = Release|Any CPU
	EndGlobalSection
	GlobalSection(SolutionProperties) = preSolution
		HideSolutionNode = FALSE
	EndGlobalSection
	GlobalSection(ExtensibilityGlobals) = postSolution
		SolutionGuid = {18CC8C08-5D78-4955-BEC2-590A983A4483}
	EndGlobalSection
EndGlobal
